
Microsoft Visual Studio Solution File, Format Version 12.00
# Visual Studio 2017
Project("{FAE04EC0-301F-11D3-BF4B-00C04F79EFBC}") = "ViveVR1", "ViveVR1.csproj", "{EA58BF24-D6F4-BBDE-5E2F-356C61E3AB06}"
EndProject
Project("{FAE04EC0-301F-11D3-BF4B-00C04F79EFBC}") = "ViveVR1.Editor", "ViveVR1.Editor.csproj", "{A70AE286-886E-2D08-851C-E81E02631D55}"
EndProject
Global
	GlobalSection(SolutionConfigurationPlatforms) = preSolution
		Debug|Any CPU = Debug|Any CPU
		Release|Any CPU = Release|Any CPU
	EndGlobalSection
	GlobalSection(ProjectConfigurationPlatforms) = postSolution
		{EA58BF24-D6F4-BBDE-5E2F-356C61E3AB06}.Debug|Any CPU.ActiveCfg = Debug|Any CPU
		{EA58BF24-D6F4-BBDE-5E2F-356C61E3AB06}.Debug|Any CPU.Build.0 = Debug|Any CPU
		{EA58BF24-D6F4-BBDE-5E2F-356C61E3AB06}.Release|Any CPU.ActiveCfg = Release|Any CPU
		{EA58BF24-D6F4-BBDE-5E2F-356C61E3AB06}.Release|Any CPU.Build.0 = Release|Any CPU
		{A70AE286-886E-2D08-851C-E81E02631D55}.Debug|Any CPU.ActiveCfg = Debug|Any CPU
		{A70AE286-886E-2D08-851C-E81E02631D55}.Debug|Any CPU.Build.0 = Debug|Any CPU
		{A70AE286-886E-2D08-851C-E81E02631D55}.Release|Any CPU.ActiveCfg = Release|Any CPU
		{A70AE286-886E-2D08-851C-E81E02631D55}.Release|Any CPU.Build.0 = Release|Any CPU
	EndGlobalSection
	GlobalSection(SolutionProperties) = preSolution
		HideSolutionNode = FALSE
	EndGlobalSection
EndGlobal
